
Microsoft Visual Studio Solution File, Format Version 12.00
# Visual Studio 15
VisualStudioVersion = 15.0.27703.2026
MinimumVisualStudioVersion = 10.0.40219.1
Project("{FAE04EC0-301F-11D3-BF4B-00C04F79EFBC}") = "labmanager.console", "labmanager.console\labmanager.console.csproj", "{7554DE43-C4B5-4156-90FF-D91F0F338A76}"
EndProject
Project("{FAE04EC0-301F-11D3-BF4B-00C04F79EFBC}") = "labmanager.web", "labmanager.web\labmanager.web.csproj", "{E5B4A1D1-8B81-41F6-93E0-E9C7A78E56B7}"
EndProject
Project("{9A19103F-16F7-4668-BE54-9A1E7A4F7556}") = "labmanager.core", "labmanager.core\labmanager.core.csproj", "{279CCA48-4DC2-4433-B22E-2CA85D7B0F9F}"
EndProject
Project("{151D2E53-A2C4-4D7D-83FE-D05416EBD58E}") = "labmanager.resources", "labmanager.resources\labmanager.resources.deployproj", "{94C3CD8C-0E4B-4929-9A15-0568A6EA1788}"
EndProject
Global
	GlobalSection(SolutionConfigurationPlatforms) = preSolution
		Debug|Any CPU = Debug|Any CPU
		Release|Any CPU = Release|Any CPU
	EndGlobalSection
	GlobalSection(ProjectConfigurationPlatforms) = postSolution
		{7554DE43-C4B5-4156-90FF-D91F0F338A76}.Debug|Any CPU.ActiveCfg = Debug|Any CPU
		{7554DE43-C4B5-4156-90FF-D91F0F338A76}.Debug|Any CPU.Build.0 = Debug|Any CPU
		{7554DE43-C4B5-4156-90FF-D91F0F338A76}.Release|Any CPU.ActiveCfg = Release|Any CPU
		{7554DE43-C4B5-4156-90FF-D91F0F338A76}.Release|Any CPU.Build.0 = Release|Any CPU
		{E5B4A1D1-8B81-41F6-93E0-E9C7A78E56B7}.Debug|Any CPU.ActiveCfg = Debug|Any CPU
		{E5B4A1D1-8B81-41F6-93E0-E9C7A78E56B7}.Debug|Any CPU.Build.0 = Debug|Any CPU
		{E5B4A1D1-8B81-41F6-93E0-E9C7A78E56B7}.Release|Any CPU.ActiveCfg = Release|Any CPU
		{E5B4A1D1-8B81-41F6-93E0-E9C7A78E56B7}.Release|Any CPU.Build.0 = Release|Any CPU
		{279CCA48-4DC2-4433-B22E-2CA85D7B0F9F}.Debug|Any CPU.ActiveCfg = Debug|Any CPU
		{279CCA48-4DC2-4433-B22E-2CA85D7B0F9F}.Debug|Any CPU.Build.0 = Debug|Any CPU
		{279CCA48-4DC2-4433-B22E-2CA85D7B0F9F}.Release|Any CPU.ActiveCfg = Release|Any CPU
		{279CCA48-4DC2-4433-B22E-2CA85D7B0F9F}.Release|Any CPU.Build.0 = Release|Any CPU
		{94C3CD8C-0E4B-4929-9A15-0568A6EA1788}.Debug|Any CPU.ActiveCfg = Debug|Any CPU
		{94C3CD8C-0E4B-4929-9A15-0568A6EA1788}.Debug|Any CPU.Build.0 = Debug|Any CPU
		{94C3CD8C-0E4B-4929-9A15-0568A6EA1788}.Release|Any CPU.ActiveCfg = Release|Any CPU
		{94C3CD8C-0E4B-4929-9A15-0568A6EA1788}.Release|Any CPU.Build.0 = Release|Any CPU
	EndGlobalSection
	GlobalSection(SolutionProperties) = preSolution
		HideSolutionNode = FALSE
	EndGlobalSection
	GlobalSection(ExtensibilityGlobals) = postSolution
		SolutionGuid = {537E20C5-FDBB-48B8-8E63-5A1FB8753F2F}
	EndGlobalSection
EndGlobal
